{
  "name": "reddit-scraper",
  "version": "1.0.0",
  "lockfileVersion": 1,
  "requires": true,
  "dependencies": {
    "@types/luxon": {
      "version": "1.26.0",
      "resolved": "https://maven.nqry.com.au/repository/npm-all/@types/luxon/-/luxon-1.26.0.tgz",
      "integrity": "sha512-zYmLYGczqBaOFaFjR1giG1QCbGMlXWOJcYgH9Mnk0MGcZHq1aer3ZwGXX8vd9NOfai6mAI/mVU6jD9hK0Wys7Q==",
      "dev": true
    },
    "@types/node": {
      "version": "14.14.25",
      "resolved": "https://maven.nqry.com.au/repository/npm-all/@types/node/-/node-14.14.25.tgz",
      "integrity": "sha512-EPpXLOVqDvisVxtlbvzfyqSsFeQxltFbluZNRndIb8tr9KiBnYNLzrc1N3pyKUCww2RNrfHDViqDWWE1LCJQtQ==",
      "dev": true
    },
    "@types/node-fetch": {
      "version": "2.5.8",
      "resolved": "https://maven.nqry.com.au/repository/npm-all/@types/node-fetch/-/node-fetch-2.5.8.tgz",
      "integrity": "sha512-fbjI6ja0N5ZA8TV53RUqzsKNkl9fv8Oj3T7zxW7FGv1GSH7gwJaNF8dzCjrqKaxKeUpTz4yT1DaJFq/omNpGfw==",
      "dev": true,
      "requires": {
        "@types/node": "*",
        "form-data": "^3.0.0"
      }
    },
    "asynckit": {
      "version": "0.4.0",
      "resolved": "https://maven.nqry.com.au/repository/npm-all/asynckit/-/asynckit-0.4.0.tgz",
      "integrity": "sha1-x57Zf380y48robyXkLzDZkdLS3k="
    },
    "combined-stream": {
      "version": "1.0.8",
      "resolved": "https://maven.nqry.com.au/repository/npm-all/combined-stream/-/combined-stream-1.0.8.tgz",
      "integrity": "sha512-FQN4MRfuJeHf7cBbBMJFXhKSDq+2kAArBlmRBvcvFE5BB1HZKXtSFASDhdlz9zOYwxh8lDdnvmMOe/+5cdoEdg==",
      "requires": {
        "delayed-stream": "~1.0.0"
      }
    },
    "delayed-stream": {
      "version": "1.0.0",
      "resolved": "https://maven.nqry.com.au/repository/npm-all/delayed-stream/-/delayed-stream-1.0.0.tgz",
      "integrity": "sha1-3zrhmayt+31ECqrgsp4icrJOxhk="
    },
    "dotenv": {
      "version": "8.2.0",
      "resolved": "https://maven.nqry.com.au/repository/npm-all/dotenv/-/dotenv-8.2.0.tgz",
      "integrity": "sha512-8sJ78ElpbDJBHNeBzUbUVLsqKdccaa/BXF1uPTw3GrvQTBgrQrtObr2mUrE38vzYd8cEv+m/JBfDLioYcfXoaw=="
    },
    "form-data": {
      "version": "3.0.0",
      "resolved": "https://maven.nqry.com.au/repository/npm-all/form-data/-/form-data-3.0.0.tgz",
      "integrity": "sha512-CKMFDglpbMi6PyN+brwB9Q/GOw0eAnsrEZDgcsH5Krhz5Od/haKHAX0NmQfha2zPPz0JpWzA7GJHGSnvCRLWsg==",
      "requires": {
        "asynckit": "^0.4.0",
        "combined-stream": "^1.0.8",
        "mime-types": "^2.1.12"
      }
    },
    "full-icu": {
      "version": "1.3.1",
      "resolved": "https://maven.nqry.com.au/repository/npm-all/full-icu/-/full-icu-1.3.1.tgz",
      "integrity": "sha512-VMtK//85QJomhk3cXOCksNwOYaw1KWnYTS37GYGgyf7A3ajdBoPGhaJuJWAH2S2kq8GZeXkdKn+3Mfmgy11cVw==",
      "requires": {
        "icu4c-data": "^0.64.2"
      }
    },
    "icu4c-data": {
      "version": "0.64.2",
      "resolved": "https://registry.npmjs.org/icu4c-data/-/icu4c-data-0.64.2.tgz",
      "integrity": "sha512-BPuTfkRTkplmK1pNrqgyOLJ0qB2UcQ12EotVLwiWh4ErtZR1tEYoRZk/LBLmlDfK5v574/lQYLB4jT9vApBiBQ=="
    },
    "mime-db": {
      "version": "1.45.0",
      "resolved": "https://maven.nqry.com.au/repository/npm-all/mime-db/-/mime-db-1.45.0.tgz",
      "integrity": "sha512-CkqLUxUk15hofLoLyljJSrukZi8mAtgd+yE5uO4tqRZsdsAJKv0O+rFMhVDRJgozy+yG6md5KwuXhD4ocIoP+w=="
    },
    "mime-types": {
      "version": "2.1.28",
      "resolved": "https://maven.nqry.com.au/repository/npm-all/mime-types/-/mime-types-2.1.28.tgz",
      "integrity": "sha512-0TO2yJ5YHYr7M2zzT7gDU1tbwHxEUWBCLt0lscSNpcdAfFyJOVEpRYNS7EXVcTLNj/25QO8gulHC5JtTzSE2UQ==",
      "requires": {
        "mime-db": "1.45.0"
      }
    },
    "moment": {
      "version": "2.29.1",
      "resolved": "https://registry.npmjs.org/moment/-/moment-2.29.1.tgz",
      "integrity": "sha512-kHmoybcPV8Sqy59DwNDY3Jefr64lK/by/da0ViFcuA4DH0vQg5Q6Ze5VimxkfQNSC+Mls/Kx53s7TjP1RhFEDQ=="
    },
    "node-fetch": {
      "version": "2.6.1",
      "resolved": "https://maven.nqry.com.au/repository/npm-all/node-fetch/-/node-fetch-2.6.1.tgz",
      "integrity": "sha512-V4aYg89jEoVRxRb2fJdAg8FHvI7cEyYdVAh94HH0UIK8oJxUfkjlDQN9RbMx+bEjP7+ggMiFRprSti032Oipxw==",
      "dev": true
    },
    "typescript": {
      "version": "4.1.5",
      "resolved": "https://maven.nqry.com.au/repository/npm-all/typescript/-/typescript-4.1.5.tgz",
      "integrity": "sha512-6OSu9PTIzmn9TCDiovULTnET6BgXtDYL4Gg4szY+cGsc3JP1dQL8qvE8kShTRx1NIw4Q9IBHlwODjkjWEtMUyA==",
      "dev": true
    }
  }
}
